// !$*UTF8*$!
{
	archiveVersion = 1;
	classes = {
	};
	objectVersion = 50;
	objects = {

/* Begin PBXBuildFile section */
		19B998527DDF5E0FE9BAB2EE /* Pods_AreaMovilTestTests.framework in Frameworks */ = {isa = PBXBuildFile; fileRef = 77CBF5437B4A1E9F243866AE /* Pods_AreaMovilTestTests.framework */; };
		9A724D9A688EECB082D56FAC /* Pods_AreaMovilTestUITests.framework in Frameworks */ = {isa = PBXBuildFile; fileRef = 32606A3BF10EFBEA98C48902 /* Pods_AreaMovilTestUITests.framework */; };
		A14AEAFC2245D72D007E72E8 /* AppDelegate.swift in Sources */ = {isa = PBXBuildFile; fileRef = A14AEAFB2245D72D007E72E8 /* AppDelegate.swift */; };
		A14AEAFE2245D72D007E72E8 /* ViewController.swift in Sources */ = {isa = PBXBuildFile; fileRef = A14AEAFD2245D72D007E72E8 /* ViewController.swift */; };
		A14AEB012245D72D007E72E8 /* Main.storyboard in Resources */ = {isa = PBXBuildFile; fileRef = A14AEAFF2245D72D007E72E8 /* Main.storyboard */; };
		A14AEB032245D730007E72E8 /* Assets.xcassets in Resources */ = {isa = PBXBuildFile; fileRef = A14AEB022245D730007E72E8 /* Assets.xcassets */; };
		A14AEB062245D730007E72E8 /* LaunchScreen.storyboard in Resources */ = {isa = PBXBuildFile; fileRef = A14AEB042245D730007E72E8 /* LaunchScreen.storyboard */; };
		A14AEB112245D731007E72E8 /* AreaMovilTestTests.swift in Sources */ = {isa = PBXBuildFile; fileRef = A14AEB102245D731007E72E8 /* AreaMovilTestTests.swift */; };
		A14AEB1C2245D731007E72E8 /* AreaMovilTestUITests.swift in Sources */ = {isa = PBXBuildFile; fileRef = A14AEB1B2245D731007E72E8 /* AreaMovilTestUITests.swift */; };
		A1DC06342246E54F009ECEEF /* GitUsers.swift in Sources */ = {isa = PBXBuildFile; fileRef = A1DC06332246E54F009ECEEF /* GitUsers.swift */; };
		A1DC06362246F651009ECEEF /* UsersCheck.swift in Sources */ = {isa = PBXBuildFile; fileRef = A1DC06352246F651009ECEEF /* UsersCheck.swift */; };
		E991319C433CBC22CE39B455 /* Pods_AreaMovilTest.framework in Frameworks */ = {isa = PBXBuildFile; fileRef = AB554084B06E9D7054A2CE49 /* Pods_AreaMovilTest.framework */; };
/* End PBXBuildFile section */

/* Begin PBXContainerItemProxy section */
		A14AEB0D2245D731007E72E8 /* PBXContainerItemProxy */ = {
			isa = PBXContainerItemProxy;
			containerPortal = A14AEAF02245D72D007E72E8 /* Project object */;
			proxyType = 1;
			remoteGlobalIDString = A14AEAF72245D72D007E72E8;
			remoteInfo = AreaMovilTest;
		};
		A14AEB182245D731007E72E8 /* PBXContainerItemProxy */ = {
			isa = PBXContainerItemProxy;
			containerPortal = A14AEAF02245D72D007E72E8 /* Project object */;
			proxyType = 1;
			remoteGlobalIDString = A14AEAF72245D72D007E72E8;
			remoteInfo = AreaMovilTest;
		};
/* End PBXContainerItemProxy section */

/* Begin PBXFileReference section */
		1F976B73D2805155437A8605 /* Pods-AreaMovilTest.release.xcconfig */ = {isa = PBXFileReference; includeInIndex = 1; lastKnownFileType = text.xcconfig; name = "Pods-AreaMovilTest.release.xcconfig"; path = "Pods/Target Support Files/Pods-AreaMovilTest/Pods-AreaMovilTest.release.xcconfig"; sourceTree = "<group>"; };
		32606A3BF10EFBEA98C48902 /* Pods_AreaMovilTestUITests.framework */ = {isa = PBXFileReference; explicitFileType = wrapper.framework; includeInIndex = 0; path = Pods_AreaMovilTestUITests.framework; sourceTree = BUILT_PRODUCTS_DIR; };
		3BD1D48F2A19803A8ED64A5C /* Pods-AreaMovilTestUITests.release.xcconfig */ = {isa = PBXFileReference; includeInIndex = 1; lastKnownFileType = text.xcconfig; name = "Pods-AreaMovilTestUITests.release.xcconfig"; path = "Pods/Target Support Files/Pods-AreaMovilTestUITests/Pods-AreaMovilTestUITests.release.xcconfig"; sourceTree = "<group>"; };
		77CBF5437B4A1E9F243866AE /* Pods_AreaMovilTestTests.framework */ = {isa = PBXFileReference; explicitFileType = wrapper.framework; includeInIndex = 0; path = Pods_AreaMovilTestTests.framework; sourceTree = BUILT_PRODUCTS_DIR; };
		78F7CBD41C6EFB2AC8708808 /* Pods-AreaMovilTest.debug.xcconfig */ = {isa = PBXFileReference; includeInIndex = 1; lastKnownFileType = text.xcconfig; name = "Pods-AreaMovilTest.debug.xcconfig"; path = "Pods/Target Support Files/Pods-AreaMovilTest/Pods-AreaMovilTest.debug.xcconfig"; sourceTree = "<group>"; };
		853D4EBAC9CCF3C237A9BF80 /* Pods-AreaMovilTestTests.release.xcconfig */ = {isa = PBXFileReference; includeInIndex = 1; lastKnownFileType = text.xcconfig; name = "Pods-AreaMovilTestTests.release.xcconfig"; path = "Pods/Target Support Files/Pods-AreaMovilTestTests/Pods-AreaMovilTestTests.release.xcconfig"; sourceTree = "<group>"; };
		A14AEAF82245D72D007E72E8 /* AreaMovilTest.app */ = {isa = PBXFileReference; explicitFileType = wrapper.application; includeInIndex = 0; path = AreaMovilTest.app; sourceTree = BUILT_PRODUCTS_DIR; };
		A14AEAFB2245D72D007E72E8 /* AppDelegate.swift */ = {isa = PBXFileReference; lastKnownFileType = sourcecode.swift; path = AppDelegate.swift; sourceTree = "<group>"; };
		A14AEAFD2245D72D007E72E8 /* ViewController.swift */ = {isa = PBXFileReference; lastKnownFileType = sourcecode.swift; path = ViewController.swift; sourceTree = "<group>"; };
		A14AEB002245D72D007E72E8 /* Base */ = {isa = PBXFileReference; lastKnownFileType = file.storyboard; name = Base; path = Base.lproj/Main.storyboard; sourceTree = "<group>"; };
		A14AEB022245D730007E72E8 /* Assets.xcassets */ = {isa = PBXFileReference; lastKnownFileType = folder.assetcatalog; path = Assets.xcassets; sourceTree = "<group>"; };
		A14AEB052245D730007E72E8 /* Base */ = {isa = PBXFileReference; lastKnownFileType = file.storyboard; name = Base; path = Base.lproj/LaunchScreen.storyboard; sourceTree = "<group>"; };
		A14AEB072245D730007E72E8 /* Info.plist */ = {isa = PBXFileReference; lastKnownFileType = text.plist.xml; path = Info.plist; sourceTree = "<group>"; };
		A14AEB0C2245D731007E72E8 /* AreaMovilTestTests.xctest */ = {isa = PBXFileReference; explicitFileType = wrapper.cfbundle; includeInIndex = 0; path = AreaMovilTestTests.xctest; sourceTree = BUILT_PRODUCTS_DIR; };
		A14AEB102245D731007E72E8 /* AreaMovilTestTests.swift */ = {isa = PBXFileReference; lastKnownFileType = sourcecode.swift; path = AreaMovilTestTests.swift; sourceTree = "<group>"; };
		A14AEB122245D731007E72E8 /* Info.plist */ = {isa = PBXFileReference; lastKnownFileType = text.plist.xml; path = Info.plist; sourceTree = "<group>"; };
		A14AEB172245D731007E72E8 /* AreaMovilTestUITests.xctest */ = {isa = PBXFileReference; explicitFileType = wrapper.cfbundle; includeInIndex = 0; path = AreaMovilTestUITests.xctest; sourceTree = BUILT_PRODUCTS_DIR; };
		A14AEB1B2245D731007E72E8 /* AreaMovilTestUITests.swift */ = {isa = PBXFileReference; lastKnownFileType = sourcecode.swift; path = AreaMovilTestUITests.swift; sourceTree = "<group>"; };
		A14AEB1D2245D731007E72E8 /* Info.plist */ = {isa = PBXFileReference; lastKnownFileType = text.plist.xml; path = Info.plist; sourceTree = "<group>"; };
		A1DC06332246E54F009ECEEF /* GitUsers.swift */ = {isa = PBXFileReference; lastKnownFileType = sourcecode.swift; path = GitUsers.swift; sourceTree = "<group>"; };
		A1DC06352246F651009ECEEF /* UsersCheck.swift */ = {isa = PBXFileReference; lastKnownFileType = sourcecode.swift; path = UsersCheck.swift; sourceTree = "<group>"; };
		AB554084B06E9D7054A2CE49 /* Pods_AreaMovilTest.framework */ = {isa = PBXFileReference; explicitFileType = wrapper.framework; includeInIndex = 0; path = Pods_AreaMovilTest.framework; sourceTree = BUILT_PRODUCTS_DIR; };
		E2A9CF9F6AEE06A75D13BAA0 /* Pods-AreaMovilTestTests.debug.xcconfig */ = {isa = PBXFileReference; includeInIndex = 1; lastKnownFileType = text.xcconfig; name = "Pods-AreaMovilTestTests.debug.xcconfig"; path = "Pods/Target Support Files/Pods-AreaMovilTestTests/Pods-AreaMovilTestTests.debug.xcconfig"; sourceTree = "<group>"; };
		F220688C9C91ED5AD1D0B37C /* Pods-AreaMovilTestUITests.debug.xcconfig */ = {isa = PBXFileReference; includeInIndex = 1; lastKnownFileType = text.xcconfig; name = "Pods-AreaMovilTestUITests.debug.xcconfig"; path = "Pods/Target Support Files/Pods-AreaMovilTestUITests/Pods-AreaMovilTestUITests.debug.xcconfig"; sourceTree = "<group>"; };
/* End PBXFileReference section */

/* Begin PBXFrameworksBuildPhase section */
		A14AEAF52245D72D007E72E8 /* Frameworks */ = {
			isa = PBXFrameworksBuildPhase;
			buildActionMask = 2147483647;
			files = (
				E991319C433CBC22CE39B455 /* Pods_AreaMovilTest.framework in Frameworks */,
			);
			runOnlyForDeploymentPostprocessing = 0;
		};
		A14AEB092245D731007E72E8 /* Frameworks */ = {
			isa = PBXFrameworksBuildPhase;
			buildActionMask = 2147483647;
			files = (
				19B998527DDF5E0FE9BAB2EE /* Pods_AreaMovilTestTests.framework in Frameworks */,
			);
			runOnlyForDeploymentPostprocessing = 0;
		};
		A14AEB142245D731007E72E8 /* Frameworks */ = {
			isa = PBXFrameworksBuildPhase;
			buildActionMask = 2147483647;
			files = (
				9A724D9A688EECB082D56FAC /* Pods_AreaMovilTestUITests.framework in Frameworks */,
			);
			runOnlyForDeploymentPostprocessing = 0;
		};
/* End PBXFrameworksBuildPhase section */

/* Begin PBXGroup section */
		148E204096DCE00A159867CE /* Frameworks */ = {
			isa = PBXGroup;
			children = (
				AB554084B06E9D7054A2CE49 /* Pods_AreaMovilTest.framework */,
				77CBF5437B4A1E9F243866AE /* Pods_AreaMovilTestTests.framework */,
				32606A3BF10EFBEA98C48902 /* Pods_AreaMovilTestUITests.framework */,
			);
			name = Frameworks;
			sourceTree = "<group>";
		};
		A14AEAEF2245D72D007E72E8 = {
			isa = PBXGroup;
			children = (
				A14AEAFA2245D72D007E72E8 /* AreaMovilTest */,
				A14AEB0F2245D731007E72E8 /* AreaMovilTestTests */,
				A14AEB1A2245D731007E72E8 /* AreaMovilTestUITests */,
				A14AEAF92245D72D007E72E8 /* Products */,
				DC78E9170A9D8123ED9C65A4 /* Pods */,
				148E204096DCE00A159867CE /* Frameworks */,
			);
			sourceTree = "<group>";
		};
		A14AEAF92245D72D007E72E8 /* Products */ = {
			isa = PBXGroup;
			children = (
				A14AEAF82245D72D007E72E8 /* AreaMovilTest.app */,
				A14AEB0C2245D731007E72E8 /* AreaMovilTestTests.xctest */,
				A14AEB172245D731007E72E8 /* AreaMovilTestUITests.xctest */,
			);
			name = Products;
			sourceTree = "<group>";
		};
		A14AEAFA2245D72D007E72E8 /* AreaMovilTest */ = {
			isa = PBXGroup;
			children = (
				A14AEAFB2245D72D007E72E8 /* AppDelegate.swift */,
				A14AEAFD2245D72D007E72E8 /* ViewController.swift */,
				A1DC06352246F651009ECEEF /* UsersCheck.swift */,
				A1DC06332246E54F009ECEEF /* GitUsers.swift */,
				A14AEAFF2245D72D007E72E8 /* Main.storyboard */,
				A14AEB022245D730007E72E8 /* Assets.xcassets */,
				A14AEB042245D730007E72E8 /* LaunchScreen.storyboard */,
				A14AEB072245D730007E72E8 /* Info.plist */,
			);
			path = AreaMovilTest;
			sourceTree = "<group>";
		};
		A14AEB0F2245D731007E72E8 /* AreaMovilTestTests */ = {
			isa = PBXGroup;
			children = (
				A14AEB102245D731007E72E8 /* AreaMovilTestTests.swift */,
				A14AEB122245D731007E72E8 /* Info.plist */,
			);
			path = AreaMovilTestTests;
			sourceTree = "<group>";
		};
		A14AEB1A2245D731007E72E8 /* AreaMovilTestUITests */ = {
			isa = PBXGroup;
			children = (
				A14AEB1B2245D731007E72E8 /* AreaMovilTestUITests.swift */,
				A14AEB1D2245D731007E72E8 /* Info.plist */,
			);
			path = AreaMovilTestUITests;
			sourceTree = "<group>";
		};
		DC78E9170A9D8123ED9C65A4 /* Pods */ = {
			isa = PBXGroup;
			children = (
				78F7CBD41C6EFB2AC8708808 /* Pods-AreaMovilTest.debug.xcconfig */,
				1F976B73D2805155437A8605 /* Pods-AreaMovilTest.release.xcconfig */,
				E2A9CF9F6AEE06A75D13BAA0 /* Pods-AreaMovilTestTests.debug.xcconfig */,
				853D4EBAC9CCF3C237A9BF80 /* Pods-AreaMovilTestTests.release.xcconfig */,
				F220688C9C91ED5AD1D0B37C /* Pods-AreaMovilTestUITests.debug.xcconfig */,
				3BD1D48F2A19803A8ED64A5C /* Pods-AreaMovilTestUITests.release.xcconfig */,
			);
			name = Pods;
			sourceTree = "<group>";
		};
/* End PBXGroup section */

/* Begin PBXNativeTarget section */
		A14AEAF72245D72D007E72E8 /* AreaMovilTest */ = {
			isa = PBXNativeTarget;
			buildConfigurationList = A14AEB202245D731007E72E8 /* Build configuration list for PBXNativeTarget "AreaMovilTest" */;
			buildPhases = (
				FA0E02152DB218A7D57A34D6 /* [CP] Check Pods Manifest.lock */,
				A14AEAF42245D72D007E72E8 /* Sources */,
				A14AEAF52245D72D007E72E8 /* Frameworks */,
				A14AEAF62245D72D007E72E8 /* Resources */,
				534BDAA476E359E796DCF36B /* [CP] Embed Pods Frameworks */,
			);
			buildRules = (
			);
			dependencies = (
			);
			name = AreaMovilTest;
			productName = AreaMovilTest;
			productReference = A14AEAF82245D72D007E72E8 /* AreaMovilTest.app */;
			productType = "com.apple.product-type.application";
		};
		A14AEB0B2245D731007E72E8 /* AreaMovilTestTests */ = {
			isa = PBXNativeTarget;
			buildConfigurationList = A14AEB232245D731007E72E8 /* Build configuration list for PBXNativeTarget "AreaMovilTestTests" */;
			buildPhases = (
				F3E00DADAABEC111E4A211C2 /* [CP] Check Pods Manifest.lock */,
				A14AEB082245D731007E72E8 /* Sources */,
				A14AEB092245D731007E72E8 /* Frameworks */,
				A14AEB0A2245D731007E72E8 /* Resources */,
			);
			buildRules = (
			);
			dependencies = (
				A14AEB0E2245D731007E72E8 /* PBXTargetDependency */,
			);
			name = AreaMovilTestTests;
			productName = AreaMovilTestTests;
			productReference = A14AEB0C2245D731007E72E8 /* AreaMovilTestTests.xctest */;
			productType = "com.apple.product-type.bundle.unit-test";
		};
		A14AEB162245D731007E72E8 /* AreaMovilTestUITests */ = {
			isa = PBXNativeTarget;
			buildConfigurationList = A14AEB262245D731007E72E8 /* Build configuration list for PBXNativeTarget "AreaMovilTestUITests" */;
			buildPhases = (
				084182EFF551FA25DB8F79A5 /* [CP] Check Pods Manifest.lock */,
				A14AEB132245D731007E72E8 /* Sources */,
				A14AEB142245D731007E72E8 /* Frameworks */,
				A14AEB152245D731007E72E8 /* Resources */,
			);
			buildRules = (
			);
			dependencies = (
				A14AEB192245D731007E72E8 /* PBXTargetDependency */,
			);
			name = AreaMovilTestUITests;
			productName = AreaMovilTestUITests;
			productReference = A14AEB172245D731007E72E8 /* AreaMovilTestUITests.xctest */;
			productType = "com.apple.product-type.bundle.ui-testing";
		};
/* End PBXNativeTarget section */

/* Begin PBXProject section */
		A14AEAF02245D72D007E72E8 /* Project object */ = {
			isa = PBXProject;
			attributes = {
				LastSwiftUpdateCheck = 1010;
				LastUpgradeCheck = 1010;
				ORGANIZATIONNAME = "Andres Botero";
				TargetAttributes = {
					A14AEAF72245D72D007E72E8 = {
						CreatedOnToolsVersion = 10.1;
					};
					A14AEB0B2245D731007E72E8 = {
						CreatedOnToolsVersion = 10.1;
						TestTargetID = A14AEAF72245D72D007E72E8;
					};
					A14AEB162245D731007E72E8 = {
						CreatedOnToolsVersion = 10.1;
						TestTargetID = A14AEAF72245D72D007E72E8;
					};
				};
			};
			buildConfigurationList = A14AEAF32245D72D007E72E8 /* Build configuration list for PBXProject "AreaMovilTest" */;
			compatibilityVersion = "Xcode 9.3";
			developmentRegion = en;
			hasScannedForEncodings = 0;
			knownRegions = (
				en,
				Base,
			);
			mainGroup = A14AEAEF2245D72D007E72E8;
			productRefGroup = A14AEAF92245D72D007E72E8 /* Products */;
			projectDirPath = "";
			projectRoot = "";
			targets = (
				A14AEAF72245D72D007E72E8 /* AreaMovilTest */,
				A14AEB0B2245D731007E72E8 /* AreaMovilTestTests */,
				A14AEB162245D731007E72E8 /* AreaMovilTestUITests */,
			);
		};
/* End PBXProject section */

/* Begin PBXResourcesBuildPhase section */
		A14AEAF62245D72D007E72E8 /* Resources */ = {
			isa = PBXResourcesBuildPhase;
			buildActionMask = 2147483647;
			files = (
				A14AEB062245D730007E72E8 /* LaunchScreen.storyboard in Resources */,
				A14AEB032245D730007E72E8 /* Assets.xcassets in Resources */,
				A14AEB012245D72D007E72E8 /* Main.storyboard in Resources */,
			);
			runOnlyForDeploymentPostprocessing = 0;
		};
		A14AEB0A2245D731007E72E8 /* Resources */ = {
			isa = PBXResourcesBuildPhase;
			buildActionMask = 2147483647;
			files = (
			);
			runOnlyForDeploymentPostprocessing = 0;
		};
		A14AEB152245D731007E72E8 /* Resources */ = {
			isa = PBXResourcesBuildPhase;
			buildActionMask = 2147483647;
			files = (
			);
			runOnlyForDeploymentPostprocessing = 0;
		};
/* End PBXResourcesBuildPhase section */

/* Begin PBXShellScriptBuildPhase section */
		084182EFF551FA25DB8F79A5 /* [CP] Check Pods Manifest.lock */ = {
			isa = PBXShellScriptBuildPhase;
			buildActionMask = 2147483647;
			files = (
			);
			inputFileListPaths = (
			);
			inputPaths = (
				"${PODS_PODFILE_DIR_PATH}/Podfile.lock",
				"${PODS_ROOT}/Manifest.lock",
			);
			name = "[CP] Check Pods Manifest.lock";
			outputFileListPaths = (
			);
			outputPaths = (
				"$(DERIVED_FILE_DIR)/Pods-AreaMovilTestUITests-checkManifestLockResult.txt",
			);
			runOnlyForDeploymentPostprocessing = 0;
			shellPath = /bin/sh;
			shellScript = "diff \"${PODS_PODFILE_DIR_PATH}/Podfile.lock\" \"${PODS_ROOT}/Manifest.lock\" > /dev/null\nif [ $? != 0 ] ; then\n    # print error to STDERR\n    echo \"error: The sandbox is not in sync with the Podfile.lock. Run 'pod install' or update your CocoaPods installation.\" >&2\n    exit 1\nfi\n# This output is used by Xcode 'outputs' to avoid re-running this script phase.\necho \"SUCCESS\" > \"${SCRIPT_OUTPUT_FILE_0}\"\n";
			showEnvVarsInLog = 0;
		};
		534BDAA476E359E796DCF36B /* [CP] Embed Pods Frameworks */ = {
			isa = PBXShellScriptBuildPhase;
			buildActionMask = 2147483647;
			files = (
			);
			inputFileListPaths = (
			);
			inputPaths = (
				"${SRCROOT}/Pods/Target Support Files/Pods-AreaMovilTest/Pods-AreaMovilTest-frameworks.sh",
				"${BUILT_PRODUCTS_DIR}/Realm/Realm.framework",
				"${BUILT_PRODUCTS_DIR}/RealmSwift/RealmSwift.framework",
			);
			name = "[CP] Embed Pods Frameworks";
			outputFileListPaths = (
			);
			outputPaths = (
				"${TARGET_BUILD_DIR}/${FRAMEWORKS_FOLDER_PATH}/Realm.framework",
				"${TARGET_BUILD_DIR}/${FRAMEWORKS_FOLDER_PATH}/RealmSwift.framework",
			);
			runOnlyForDeploymentPostprocessing = 0;
			shellPath = /bin/sh;
			shellScript = "\"${SRCROOT}/Pods/Target Support Files/Pods-AreaMovilTest/Pods-AreaMovilTest-frameworks.sh\"\n";
			showEnvVarsInLog = 0;
		};
		F3E00DADAABEC111E4A211C2 /* [CP] Check Pods Manifest.lock */ = {
			isa = PBXShellScriptBuildPhase;
			buildActionMask = 2147483647;
			files = (
			);
			inputFileListPaths = (
			);
			inputPaths = (
				"${PODS_PODFILE_DIR_PATH}/Podfile.lock",
				"${PODS_ROOT}/Manifest.lock",
			);
			name = "[CP] Check Pods Manifest.lock";
			outputFileListPaths = (
			);
			outputPaths = (
				"$(DERIVED_FILE_DIR)/Pods-AreaMovilTestTests-checkManifestLockResult.txt",
			);
			runOnlyForDeploymentPostprocessing = 0;
			shellPath = /bin/sh;
			shellScript = "diff \"${PODS_PODFILE_DIR_PATH}/Podfile.lock\" \"${PODS_ROOT}/Manifest.lock\" > /dev/null\nif [ $? != 0 ] ; then\n    # print error to STDERR\n    echo \"error: The sandbox is not in sync with the Podfile.lock. Run 'pod install' or update your CocoaPods installation.\" >&2\n    exit 1\nfi\n# This output is used by Xcode 'outputs' to avoid re-running this script phase.\necho \"SUCCESS\" > \"${SCRIPT_OUTPUT_FILE_0}\"\n";
			showEnvVarsInLog = 0;
		};
		FA0E02152DB218A7D57A34D6 /* [CP] Check Pods Manifest.lock */ = {
			isa = PBXShellScriptBuildPhase;
			buildActionMask = 2147483647;
			files = (
			);
			inputFileListPaths = (
			);
			inputPaths = (
				"${PODS_PODFILE_DIR_PATH}/Podfile.lock",
				"${PODS_ROOT}/Manifest.lock",
			);
			name = "[CP] Check Pods Manifest.lock";
			outputFileListPaths = (
			);
			outputPaths = (
				"$(DERIVED_FILE_DIR)/Pods-AreaMovilTest-checkManifestLockResult.txt",
			);
			runOnlyForDeploymentPostprocessing = 0;
			shellPath = /bin/sh;
			shellScript = "diff \"${PODS_PODFILE_DIR_PATH}/Podfile.lock\" \"${PODS_ROOT}/Manifest.lock\" > /dev/null\nif [ $? != 0 ] ; then\n    # print error to STDERR\n    echo \"error: The sandbox is not in sync with the Podfile.lock. Run 'pod install' or update your CocoaPods installation.\" >&2\n    exit 1\nfi\n# This output is used by Xcode 'outputs' to avoid re-running this script phase.\necho \"SUCCESS\" > \"${SCRIPT_OUTPUT_FILE_0}\"\n";
			showEnvVarsInLog = 0;
		};
/* End PBXShellScriptBuildPhase section */

/* Begin PBXSourcesBuildPhase section */
		A14AEAF42245D72D007E72E8 /* Sources */ = {
			isa = PBXSourcesBuildPhase;
			buildActionMask = 2147483647;
			files = (
				A14AEAFE2245D72D007E72E8 /* ViewController.swift in Sources */,
				A14AEAFC2245D72D007E72E8 /* AppDelegate.swift in Sources */,
				A1DC06342246E54F009ECEEF /* GitUsers.swift in Sources */,
				A1DC06362246F651009ECEEF /* UsersCheck.swift in Sources */,
			);
			runOnlyForDeploymentPostprocessing = 0;
		};
		A14AEB082245D731007E72E8 /* Sources */ = {
			isa = PBXSourcesBuildPhase;
			buildActionMask = 2147483647;
			files = (
				A14AEB112245D731007E72E8 /* AreaMovilTestTests.swift in Sources */,
			);
			runOnlyForDeploymentPostprocessing = 0;
		};
		A14AEB132245D731007E72E8 /* Sources */ = {
			isa = PBXSourcesBuildPhase;
			buildActionMask = 2147483647;
			files = (
				A14AEB1C2245D731007E72E8 /* AreaMovilTestUITests.swift in Sources */,
			);
			runOnlyForDeploymentPostprocessing = 0;
		};
/* End PBXSourcesBuildPhase section */

/* Begin PBXTargetDependency section */
		A14AEB0E2245D731007E72E8 /* PBXTargetDependency */ = {
			isa = PBXTargetDependency;
			target = A14AEAF72245D72D007E72E8 /* AreaMovilTest */;
			targetProxy = A14AEB0D2245D731007E72E8 /* PBXContainerItemProxy */;
		};
		A14AEB192245D731007E72E8 /* PBXTargetDependency */ = {
			isa = PBXTargetDependency;
			target = A14AEAF72245D72D007E72E8 /* AreaMovilTest */;
			targetProxy = A14AEB182245D731007E72E8 /* PBXContainerItemProxy */;
		};
/* End PBXTargetDependency section */

/* Begin PBXVariantGroup section */
		A14AEAFF2245D72D007E72E8 /* Main.storyboard */ = {
			isa = PBXVariantGroup;
			children = (
				A14AEB002245D72D007E72E8 /* Base */,
			);
			name = Main.storyboard;
			sourceTree = "<group>";
		};
		A14AEB042245D730007E72E8 /* LaunchScreen.storyboard */ = {
			isa = PBXVariantGroup;
			children = (
				A14AEB052245D730007E72E8 /* Base */,
			);
			name = LaunchScreen.storyboard;
			sourceTree = "<group>";
		};
/* End PBXVariantGroup section */

/* Begin XCBuildConfiguration section */
		A14AEB1E2245D731007E72E8 /* Debug */ = {
			isa = XCBuildConfiguration;
			buildSettings = {
				ALWAYS_SEARCH_USER_PATHS = NO;
				CLANG_ANALYZER_NONNULL = YES;
				CLANG_ANALYZER_NUMBER_OBJECT_CONVERSION = YES_AGGRESSIVE;
				CLANG_CXX_LANGUAGE_STANDARD = "gnu++14";
				CLANG_CXX_LIBRARY = "libc++";
				CLANG_ENABLE_MODULES = YES;
				CLANG_ENABLE_OBJC_ARC = YES;
				CLANG_ENABLE_OBJC_WEAK = YES;
				CLANG_WARN_BLOCK_CAPTURE_AUTORELEASING = YES;
				CLANG_WARN_BOOL_CONVERSION = YES;
				CLANG_WARN_COMMA = YES;
				CLANG_WARN_CONSTANT_CONVERSION = YES;
				CLANG_WARN_DEPRECATED_OBJC_IMPLEMENTATIONS = YES;
				CLANG_WARN_DIRECT_OBJC_ISA_USAGE = YES_ERROR;
				CLANG_WARN_DOCUMENTATION_COMMENTS = YES;
				CLANG_WARN_EMPTY_BODY = YES;
				CLANG_WARN_ENUM_CONVERSION = YES;
				CLANG_WARN_INFINITE_RECURSION = YES;
				CLANG_WARN_INT_CONVERSION = YES;
				CLANG_WARN_NON_LITERAL_NULL_CONVERSION = YES;
				CLANG_WARN_OBJC_IMPLICIT_RETAIN_SELF = YES;
				CLANG_WARN_OBJC_LITERAL_CONVERSION = YES;
				CLANG_WARN_OBJC_ROOT_CLASS = YES_ERROR;
				CLANG_WARN_RANGE_LOOP_ANALYSIS = YES;
				CLANG_WARN_STRICT_PROTOTYPES = YES;
				CLANG_WARN_SUSPICIOUS_MOVE = YES;
				CLANG_WARN_UNGUARDED_AVAILABILITY = YES_AGGRESSIVE;
				CLANG_WARN_UNREACHABLE_CODE = YES;
				CLANG_WARN__DUPLICATE_METHOD_MATCH = YES;
				CODE_SIGN_IDENTITY = "iPhone Developer";
				COPY_PHASE_STRIP = NO;
				DEBUG_INFORMATION_FORMAT = dwarf;
				ENABLE_STRICT_OBJC_MSGSEND = YES;
				ENABLE_TESTABILITY = YES;
				GCC_C_LANGUAGE_STANDARD = gnu11;
				GCC_DYNAMIC_NO_PIC = NO;
				GCC_NO_COMMON_BLOCKS = YES;
				GCC_OPTIMIZATION_LEVEL = 0;
				GCC_PREPROCESSOR_DEFINITIONS = (
					"DEBUG=1",
					"$(inherited)",
				);
				GCC_WARN_64_TO_32_BIT_CONVERSION = YES;
				GCC_WARN_ABOUT_RETURN_TYPE = YES_ERROR;
				GCC_WARN_UNDECLARED_SELECTOR = YES;
				GCC_WARN_UNINITIALIZED_AUTOS = YES_AGGRESSIVE;
				GCC_WARN_UNUSED_FUNCTION = YES;
				GCC_WARN_UNUSED_VARIABLE = YES;
				IPHONEOS_DEPLOYMENT_TARGET = 12.1;
				MTL_ENABLE_DEBUG_INFO = INCLUDE_SOURCE;
				MTL_FAST_MATH = YES;
				ONLY_ACTIVE_ARCH = YES;
				SDKROOT = iphoneos;
				SWIFT_ACTIVE_COMPILATION_CONDITIONS = DEBUG;
				SWIFT_OPTIMIZATION_LEVEL = "-Onone";
			};
			name = Debug;
		};
		A14AEB1F2245D731007E72E8 /* Release */ = {
			isa = XCBuildConfiguration;
			buildSettings = {
				ALWAYS_SEARCH_USER_PATHS = NO;
				CLANG_ANALYZER_NONNULL = YES;
				CLANG_ANALYZER_NUMBER_OBJECT_CONVERSION = YES_AGGRESSIVE;
				CLANG_CXX_LANGUAGE_STANDARD = "gnu++14";
				CLANG_CXX_LIBRARY = "libc++";
				CLANG_ENABLE_MODULES = YES;
				CLANG_ENABLE_OBJC_ARC = YES;
				CLANG_ENABLE_OBJC_WEAK = YES;
				CLANG_WARN_BLOCK_CAPTURE_AUTORELEASING = YES;
				CLANG_WARN_BOOL_CONVERSION = YES;
				CLANG_WARN_COMMA = YES;
				CLANG_WARN_CONSTANT_CONVERSION = YES;
				CLANG_WARN_DEPRECATED_OBJC_IMPLEMENTATIONS = YES;
				CLANG_WARN_DIRECT_OBJC_ISA_USAGE = YES_ERROR;
				CLANG_WARN_DOCUMENTATION_COMMENTS = YES;
				CLANG_WARN_EMPTY_BODY = YES;
				CLANG_WARN_ENUM_CONVERSION = YES;
				CLANG_WARN_INFINITE_RECURSION = YES;
				CLANG_WARN_INT_CONVERSION = YES;
				CLANG_WARN_NON_LITERAL_NULL_CONVERSION = YES;
				CLANG_WARN_OBJC_IMPLICIT_RETAIN_SELF = YES;
				CLANG_WARN_OBJC_LITERAL_CONVERSION = YES;
				CLANG_WARN_OBJC_ROOT_CLASS = YES_ERROR;
				CLANG_WARN_RANGE_LOOP_ANALYSIS = YES;
				CLANG_WARN_STRICT_PROTOTYPES = YES;
				CLANG_WARN_SUSPICIOUS_MOVE = YES;
				CLANG_WARN_UNGUARDED_AVAILABILITY = YES_AGGRESSIVE;
				CLANG_WARN_UNREACHABLE_CODE = YES;
				CLANG_WARN__DUPLICATE_METHOD_MATCH = YES;
				CODE_SIGN_IDENTITY = "iPhone Developer";
				COPY_PHASE_STRIP = NO;
				DEBUG_INFORMATION_FORMAT = "dwarf-with-dsym";
				ENABLE_NS_ASSERTIONS = NO;
				ENABLE_STRICT_OBJC_MSGSEND = YES;
				GCC_C_LANGUAGE_STANDARD = gnu11;
				GCC_NO_COMMON_BLOCKS = YES;
				GCC_WARN_64_TO_32_BIT_CONVERSION = YES;
				GCC_WARN_ABOUT_RETURN_TYPE = YES_ERROR;
				GCC_WARN_UNDECLARED_SELECTOR = YES;
				GCC_WARN_UNINITIALIZED_AUTOS = YES_AGGRESSIVE;
				GCC_WARN_UNUSED_FUNCTION = YES;
				GCC_WARN_UNUSED_VARIABLE = YES;
				IPHONEOS_DEPLOYMENT_TARGET = 12.1;
				MTL_ENABLE_DEBUG_INFO = NO;
				MTL_FAST_MATH = YES;
				SDKROOT = iphoneos;
				SWIFT_COMPILATION_MODE = wholemodule;
				SWIFT_OPTIMIZATION_LEVEL = "-O";
				VALIDATE_PRODUCT = YES;
			};
			name = Release;
		};
		A14AEB212245D731007E72E8 /* Debug */ = {
			isa = XCBuildConfiguration;
			baseConfigurationReference = 78F7CBD41C6EFB2AC8708808 /* Pods-AreaMovilTest.debug.xcconfig */;
			buildSettings = {
				ASSETCATALOG_COMPILER_APPICON_NAME = AppIcon;
				CODE_SIGN_STYLE = Automatic;
				DEVELOPMENT_TEAM = QXXQT85549;
				INFOPLIST_FILE = AreaMovilTest/Info.plist;
				LD_RUNPATH_SEARCH_PATHS = (
					"$(inherited)",
					"@executable_path/Frameworks",
				);
				PRODUCT_BUNDLE_IDENTIFIER = GIBIC.AreaMovilTest;
				PRODUCT_NAME = "$(TARGET_NAME)";
				SWIFT_VERSION = 4.2;
				TARGETED_DEVICE_FAMILY = "1,2";
			};
			name = Debug;
		};
		A14AEB222245D731007E72E8 /* Release */ = {
			isa = XCBuildConfiguration;
			baseConfigurationReference = 1F976B73D2805155437A8605 /* Pods-AreaMovilTest.release.xcconfig */;
			buildSettings = {
				ASSETCATALOG_COMPILER_APPICON_NAME = AppIcon;
				CODE_SIGN_STYLE = Automatic;
				DEVELOPMENT_TEAM = QXXQT85549;
				INFOPLIST_FILE = AreaMovilTest/Info.plist;
				LD_RUNPATH_SEARCH_PATHS = (
					"$(inherited)",
					"@executable_path/Frameworks",
				);
				PRODUCT_BUNDLE_IDENTIFIER = GIBIC.AreaMovilTest;
				PRODUCT_NAME = "$(TARGET_NAME)";
				SWIFT_VERSION = 4.2;
				TARGETED_DEVICE_FAMILY = "1,2";
			};
			name = Release;
		};
		A14AEB242245D731007E72E8 /* Debug */ = {
			isa = XCBuildConfiguration;
			baseConfigurationReference = E2A9CF9F6AEE06A75D13BAA0 /* Pods-AreaMovilTestTests.debug.xcconfig */;
			buildSettings = {
				ALWAYS_EMBED_SWIFT_STANDARD_LIBRARIES = YES;
				BUNDLE_LOADER = "$(TEST_HOST)";
				CODE_SIGN_STYLE = Automatic;
				INFOPLIST_FILE = AreaMovilTestTests/Info.plist;
				LD_RUNPATH_SEARCH_PATHS = (
					"$(inherited)",
					"@executable_path/Frameworks",
					"@loader_path/Frameworks",
				);
				PRODUCT_BUNDLE_IDENTIFIER = GIBIC.AreaMovilTestTests;
				PRODUCT_NAME = "$(TARGET_NAME)";
				SWIFT_VERSION = 4.2;
				TARGETED_DEVICE_FAMILY = "1,2";
				TEST_HOST = "$(BUILT_PRODUCTS_DIR)/AreaMovilTest.app/AreaMovilTest";
			};
			name = Debug;
		};
		A14AEB252245D731007E72E8 /* Release */ = {
			isa = XCBuildConfiguration;
			baseConfigurationReference = 853D4EBAC9CCF3C237A9BF80 /* Pods-AreaMovilTestTests.release.xcconfig */;
			buildSettings = {
				ALWAYS_EMBED_SWIFT_STANDARD_LIBRARIES = YES;
				BUNDLE_LOADER = "$(TEST_HOST)";
				CODE_SIGN_STYLE = Automatic;
				INFOPLIST_FILE = AreaMovilTestTests/Info.plist;
				LD_RUNPATH_SEARCH_PATHS = (
					"$(inherited)",
					"@executable_path/Frameworks",
					"@loader_path/Frameworks",
				);
				PRODUCT_BUNDLE_IDENTIFIER = GIBIC.AreaMovilTestTests;
				PRODUCT_NAME = "$(TARGET_NAME)";
				SWIFT_VERSION = 4.2;
				TARGETED_DEVICE_FAMILY = "1,2";
				TEST_HOST = "$(BUILT_PRODUCTS_DIR)/AreaMovilTest.app/AreaMovilTest";
			};
			name = Release;
		};
		A14AEB272245D731007E72E8 /* Debug */ = {
			isa = XCBuildConfiguration;
			baseConfigurationReference = F220688C9C91ED5AD1D0B37C /* Pods-AreaMovilTestUITests.debug.xcconfig */;
			buildSettings = {
				ALWAYS_EMBED_SWIFT_STANDARD_LIBRARIES = YES;
				CODE_SIGN_STYLE = Automatic;
				INFOPLIST_FILE = AreaMovilTestUITests/Info.plist;
				LD_RUNPATH_SEARCH_PATHS = (
					"$(inherited)",
					"@executable_path/Frameworks",
					"@loader_path/Frameworks",
				);
				PRODUCT_BUNDLE_IDENTIFIER = GIBIC.AreaMovilTestUITests;
				PRODUCT_NAME = "$(TARGET_NAME)";
				SWIFT_VERSION = 4.2;
				TARGETED_DEVICE_FAMILY = "1,2";
				TEST_TARGET_NAME = AreaMovilTest;
			};
			name = Debug;
		};
		A14AEB282245D731007E72E8 /* Release */ = {
			isa = XCBuildConfiguration;
			baseConfigurationReference = 3BD1D48F2A19803A8ED64A5C /* Pods-AreaMovilTestUITests.release.xcconfig */;
			buildSettings = {
				ALWAYS_EMBED_SWIFT_STANDARD_LIBRARIES = YES;
				CODE_SIGN_STYLE = Automatic;
				INFOPLIST_FILE = AreaMovilTestUITests/Info.plist;
				LD_RUNPATH_SEARCH_PATHS = (
					"$(inherited)",
					"@executable_path/Frameworks",
					"@loader_path/Frameworks",
				);
				PRODUCT_BUNDLE_IDENTIFIER = GIBIC.AreaMovilTestUITests;
				PRODUCT_NAME = "$(TARGET_NAME)";
				SWIFT_VERSION = 4.2;
				TARGETED_DEVICE_FAMILY = "1,2";
				TEST_TARGET_NAME = AreaMovilTest;
			};
			name = Release;
		};
/* End XCBuildConfiguration section */

/* Begin XCConfigurationList section */
		A14AEAF32245D72D007E72E8 /* Build configuration list for PBXProject "AreaMovilTest" */ = {
			isa = XCConfigurationList;
			buildConfigurations = (
				A14AEB1E2245D731007E72E8 /* Debug */,
				A14AEB1F2245D731007E72E8 /* Release */,
			);
			defaultConfigurationIsVisible = 0;
			defaultConfigurationName = Release;
		};
		A14AEB202245D731007E72E8 /* Build configuration list for PBXNativeTarget "AreaMovilTest" */ = {
			isa = XCConfigurationList;
			buildConfigurations = (
				A14AEB212245D731007E72E8 /* Debug */,
				A14AEB222245D731007E72E8 /* Release */,
			);
			defaultConfigurationIsVisible = 0;
			defaultConfigurationName = Release;
		};
		A14AEB232245D731007E72E8 /* Build configuration list for PBXNativeTarget "AreaMovilTestTests" */ = {
			isa = XCConfigurationList;
			buildConfigurations = (
				A14AEB242245D731007E72E8 /* Debug */,
				A14AEB252245D731007E72E8 /* Release */,
			);
			defaultConfigurationIsVisible = 0;
			defaultConfigurationName = Release;
		};
		A14AEB262245D731007E72E8 /* Build configuration list for PBXNativeTarget "AreaMovilTestUITests" */ = {
			isa = XCConfigurationList;
			buildConfigurations = (
				A14AEB272245D731007E72E8 /* Debug */,
				A14AEB282245D731007E72E8 /* Release */,
			);
			defaultConfigurationIsVisible = 0;
			defaultConfigurationName = Release;
		};
/* End XCConfigurationList section */
	};
	rootObject = A14AEAF02245D72D007E72E8 /* Project object */;
}
